{
  "name": "nous-hospitality-platform",
  "version": "0.1.0",
  "lockfileVersion": 3,
  "requires": true,
  "packages": {
    "": {
      "name": "nous-hospitality-platform",
      "version": "0.1.0",
      "workspaces": [
        "apps/*",
        "packages/*"
      ]
    },
    "apps/cms": {
      "name": "@nous/cms",
      "version": "0.1.0"
    },
    "apps/web": {
      "name": "@nous/web",
      "version": "0.1.0"
    },
    "apps/worker": {
      "name": "@nous/worker",
      "version": "0.1.0"
    },
    "node_modules/@nous/booking-core": {
      "resolved": "packages/booking-core",
      "link": true
    },
    "node_modules/@nous/channel-core": {
      "resolved": "packages/channel-core",
      "link": true
    },
    "node_modules/@nous/cms": {
      "resolved": "apps/cms",
      "link": true
    },
    "node_modules/@nous/config": {
      "resolved": "packages/config",
      "link": true
    },
    "node_modules/@nous/db": {
      "resolved": "packages/db",
      "link": true
    },
    "node_modules/@nous/types": {
      "resolved": "packages/types",
      "link": true
    },
    "node_modules/@nous/ui": {
      "resolved": "packages/ui",
      "link": true
    },
    "node_modules/@nous/web": {
      "resolved": "apps/web",
      "link": true
    },
    "node_modules/@nous/worker": {
      "resolved": "apps/worker",
      "link": true
    },
    "packages/booking-core": {
      "name": "@nous/booking-core",
      "version": "0.1.0"
    },
    "packages/channel-core": {
      "name": "@nous/channel-core",
      "version": "0.1.0"
    },
    "packages/config": {
      "name": "@nous/config",
      "version": "0.1.0"
    },
    "packages/db": {
      "name": "@nous/db",
      "version": "0.1.0"
    },
    "packages/types": {
      "name": "@nous/types",
      "version": "0.1.0"
    },
    "packages/ui": {
      "name": "@nous/ui",
      "version": "0.1.0"
    }
  }
}
